{
  "name": "jz",
  "version": "0.5.0",
  "lockfileVersion": 3,
  "requires": true,
  "packages": {
    "": {
      "name": "jz",
      "version": "0.5.0",
      "license": "MIT",
      "dependencies": {
        "subscript": "^10.4.15",
        "watr": "^4.6.9"
      },
      "bin": {
        "jz": "cli.js"
      },
      "devDependencies": {
        "tst": "^9.4.0"
      }
    },
    "node_modules/subscript": {
      "version": "10.4.15",
      "resolved": "https://registry.npmjs.org/subscript/-/subscript-10.4.15.tgz",
      "integrity": "sha512-LCd59Fk6K41jMrGfdf0pn9yrKVkJ/2djMf/HSDYYu8n4PxII/eQYjlHsPOjXCA4J+3t2rLpK8CbT6KnsIgN2wA==",
      "license": "ISC"
    },
    "node_modules/tst": {
      "version": "9.4.0",
      "resolved": "https://registry.npmjs.org/tst/-/tst-9.4.0.tgz",
      "integrity": "sha512-LFC1yasMqhvL9hBJdA07nozlfS1RGy/7uiBCwRZcQH9zB4+n7XpxwYszzK//WQ2JVOLAUgU3d8ABEcrFLZE0vg==",
      "dev": true,
      "license": "MIT"
    },
    "node_modules/watr": {
      "version": "4.6.9",
      "resolved": "https://registry.npmjs.org/watr/-/watr-4.6.9.tgz",
      "integrity": "sha512-FHOk8QBmvip8oPerkI2TeENJBqKXtDp/AFDNEZXBDTvxoMlRZ4jMHQBTirOgs2TbWv3aQX7kVEJaIYFJs/PLaw==",
      "license": "MIT",
      "bin": {
        "watr": "bin/watr.js"
      }
    }
  }
}
