{
  "name": "jz",
  "version": "0.5.1",
  "lockfileVersion": 3,
  "requires": true,
  "packages": {
    "": {
      "name": "jz",
      "version": "0.5.1",
      "license": "MIT",
      "dependencies": {
        "subscript": "^10.4.16",
        "watr": "^4.6.10"
      },
      "bin": {
        "jz": "cli.js"
      },
      "devDependencies": {
        "tst": "^9.4.0"
      }
    },
    "node_modules/subscript": {
      "version": "10.4.16",
      "resolved": "https://registry.npmjs.org/subscript/-/subscript-10.4.16.tgz",
      "integrity": "sha512-r2c9mk5pI3p1OvMKpJ/38WcBXanz/D0rxbqQHJ3Uy2SoKUVFUq9IpCcDZMrc/Ti/8EYYs2iA+qsX18K+nOsaVQ==",
      "license": "ISC"
    },
    "node_modules/tst": {
      "version": "9.4.0",
      "resolved": "https://registry.npmjs.org/tst/-/tst-9.4.0.tgz",
      "integrity": "sha512-LFC1yasMqhvL9hBJdA07nozlfS1RGy/7uiBCwRZcQH9zB4+n7XpxwYszzK//WQ2JVOLAUgU3d8ABEcrFLZE0vg==",
      "dev": true,
      "license": "MIT"
    },
    "node_modules/watr": {
      "version": "4.6.10",
      "resolved": "https://registry.npmjs.org/watr/-/watr-4.6.10.tgz",
      "integrity": "sha512-Nva84u37ajCAOfMsM27SHQ94aKy8BrVzynmt2VMucS2vi9K5JXhDGRcWgjuI5dGzdAGl33BJg4CnBOQWPDt7aA==",
      "license": "MIT",
      "bin": {
        "watr": "bin/watr.js"
      }
    }
  }
}
